
Microsoft Visual Studio Solution File, Format Version 12.00
# Visual Studio 14
VisualStudioVersion = 14.0.23107.0
MinimumVisualStudioVersion = 10.0.40219.1
Project("{FAE04EC0-301F-11D3-BF4B-00C04F79EFBC}") = "TextAdventure", "TextAdventure\TextAdventure.csproj", "{0D191AB3-0D2F-40F4-B09E-6D7D73302487}"
EndProject
Project("{FAE04EC0-301F-11D3-BF4B-00C04F79EFBC}") = "TextAdventureTests", "TextAdventureTests\TextAdventureTests.csproj", "{0E62EB48-7746-4398-859B-CB50F9DAF034}"
EndProject
Global
	GlobalSection(SolutionConfigurationPlatforms) = preSolution
		Debug|Any CPU = Debug|Any CPU
		Release|Any CPU = Release|Any CPU
	EndGlobalSection
	GlobalSection(ProjectConfigurationPlatforms) = postSolution
		{0D191AB3-0D2F-40F4-B09E-6D7D73302487}.Debug|Any CPU.ActiveCfg = Debug|Any CPU
		{0D191AB3-0D2F-40F4-B09E-6D7D73302487}.Debug|Any CPU.Build.0 = Debug|Any CPU
		{0D191AB3-0D2F-40F4-B09E-6D7D73302487}.Release|Any CPU.ActiveCfg = Release|Any CPU
		{0D191AB3-0D2F-40F4-B09E-6D7D73302487}.Release|Any CPU.Build.0 = Release|Any CPU
		{0E62EB48-7746-4398-859B-CB50F9DAF034}.Debug|Any CPU.ActiveCfg = Debug|Any CPU
		{0E62EB48-7746-4398-859B-CB50F9DAF034}.Debug|Any CPU.Build.0 = Debug|Any CPU
		{0E62EB48-7746-4398-859B-CB50F9DAF034}.Release|Any CPU.ActiveCfg = Release|Any CPU
		{0E62EB48-7746-4398-859B-CB50F9DAF034}.Release|Any CPU.Build.0 = Release|Any CPU
	EndGlobalSection
	GlobalSection(SolutionProperties) = preSolution
		HideSolutionNode = FALSE
	EndGlobalSection
EndGlobal
